// !$*UTF8*$!
{
	archiveVersion = 1;
	classes = {
	};
	objectVersion = 56;
	objects = {

/* Begin PBXBuildFile section */
		04DC125F2B54D7450077BB6D /* AppDelegate.swift in Sources */ = {isa = PBXBuildFile; fileRef = 04DC125E2B54D7450077BB6D /* AppDelegate.swift */; };
		04DC12612B54D7450077BB6D /* SceneDelegate.swift in Sources */ = {isa = PBXBuildFile; fileRef = 04DC12602B54D7450077BB6D /* SceneDelegate.swift */; };
		04DC12632B54D7450077BB6D /* ViewController.swift in Sources */ = {isa = PBXBuildFile; fileRef = 04DC12622B54D7450077BB6D /* ViewController.swift */; };
		04DC12662B54D7450077BB6D /* Main.storyboard in Resources */ = {isa = PBXBuildFile; fileRef = 04DC12642B54D7450077BB6D /* Main.storyboard */; };
		04DC12682B54D7470077BB6D /* Assets.xcassets in Resources */ = {isa = PBXBuildFile; fileRef = 04DC12672B54D7470077BB6D /* Assets.xcassets */; };
		04DC126B2B54D7470077BB6D /* LaunchScreen.storyboard in Resources */ = {isa = PBXBuildFile; fileRef = 04DC12692B54D7470077BB6D /* LaunchScreen.storyboard */; };
		04DC12762B54D7470077BB6D /* tipCalculatoreTests.swift in Sources */ = {isa = PBXBuildFile; fileRef = 04DC12752B54D7470077BB6D /* tipCalculatoreTests.swift */; };
		04DC12802B54D7470077BB6D /* tipCalculatoreUITests.swift in Sources */ = {isa = PBXBuildFile; fileRef = 04DC127F2B54D7470077BB6D /* tipCalculatoreUITests.swift */; };
		04DC12822B54D7470077BB6D /* tipCalculatoreUITestsLaunchTests.swift in Sources */ = {isa = PBXBuildFile; fileRef = 04DC12812B54D7470077BB6D /* tipCalculatoreUITestsLaunchTests.swift */; };
		04DC128F2B54DBB90077BB6D /* tipBanner.gif in Resources */ = {isa = PBXBuildFile; fileRef = 04DC128E2B54DBB90077BB6D /* tipBanner.gif */; };
		04DC12932B54E4FE0077BB6D /* UIImageExtension.swift in Sources */ = {isa = PBXBuildFile; fileRef = 04DC12922B54E4FE0077BB6D /* UIImageExtension.swift */; };
		04DC12992B54F3890077BB6D /* IQKeyboardManagerSwift in Frameworks */ = {isa = PBXBuildFile; productRef = 04DC12982B54F3890077BB6D /* IQKeyboardManagerSwift */; };
/* End PBXBuildFile section */

/* Begin PBXContainerItemProxy section */
		04DC12722B54D7470077BB6D /* PBXContainerItemProxy */ = {
			isa = PBXContainerItemProxy;
			containerPortal = 04DC12532B54D7450077BB6D /* Project object */;
			proxyType = 1;
			remoteGlobalIDString = 04DC125A2B54D7450077BB6D;
			remoteInfo = tipCalculatore;
		};
		04DC127C2B54D7470077BB6D /* PBXContainerItemProxy */ = {
			isa = PBXContainerItemProxy;
			containerPortal = 04DC12532B54D7450077BB6D /* Project object */;
			proxyType = 1;
			remoteGlobalIDString = 04DC125A2B54D7450077BB6D;
			remoteInfo = tipCalculatore;
		};
/* End PBXContainerItemProxy section */

/* Begin PBXFileReference section */
		04DC125B2B54D7450077BB6D /* tipCalculatore.app */ = {isa = PBXFileReference; explicitFileType = wrapper.application; includeInIndex = 0; path = tipCalculatore.app; sourceTree = BUILT_PRODUCTS_DIR; };
		04DC125E2B54D7450077BB6D /* AppDelegate.swift */ = {isa = PBXFileReference; lastKnownFileType = sourcecode.swift; path = AppDelegate.swift; sourceTree = "<group>"; };
		04DC12602B54D7450077BB6D /* SceneDelegate.swift */ = {isa = PBXFileReference; lastKnownFileType = sourcecode.swift; path = SceneDelegate.swift; sourceTree = "<group>"; };
		04DC12622B54D7450077BB6D /* ViewController.swift */ = {isa = PBXFileReference; lastKnownFileType = sourcecode.swift; path = ViewController.swift; sourceTree = "<group>"; };
		04DC12652B54D7450077BB6D /* Base */ = {isa = PBXFileReference; lastKnownFileType = file.storyboard; name = Base; path = Base.lproj/Main.storyboard; sourceTree = "<group>"; };
		04DC12672B54D7470077BB6D /* Assets.xcassets */ = {isa = PBXFileReference; lastKnownFileType = folder.assetcatalog; path = Assets.xcassets; sourceTree = "<group>"; };
		04DC126A2B54D7470077BB6D /* Base */ = {isa = PBXFileReference; lastKnownFileType = file.storyboard; name = Base; path = Base.lproj/LaunchScreen.storyboard; sourceTree = "<group>"; };
		04DC126C2B54D7470077BB6D /* Info.plist */ = {isa = PBXFileReference; lastKnownFileType = text.plist.xml; path = Info.plist; sourceTree = "<group>"; };
		04DC12712B54D7470077BB6D /* tipCalculatoreTests.xctest */ = {isa = PBXFileReference; explicitFileType = wrapper.cfbundle; includeInIndex = 0; path = tipCalculatoreTests.xctest; sourceTree = BUILT_PRODUCTS_DIR; };
		04DC12752B54D7470077BB6D /* tipCalculatoreTests.swift */ = {isa = PBXFileReference; lastKnownFileType = sourcecode.swift; path = tipCalculatoreTests.swift; sourceTree = "<group>"; };
		04DC127B2B54D7470077BB6D /* tipCalculatoreUITests.xctest */ = {isa = PBXFileReference; explicitFileType = wrapper.cfbundle; includeInIndex = 0; path = tipCalculatoreUITests.xctest; sourceTree = BUILT_PRODUCTS_DIR; };
		04DC127F2B54D7470077BB6D /* tipCalculatoreUITests.swift */ = {isa = PBXFileReference; lastKnownFileType = sourcecode.swift; path = tipCalculatoreUITests.swift; sourceTree = "<group>"; };
		04DC12812B54D7470077BB6D /* tipCalculatoreUITestsLaunchTests.swift */ = {isa = PBXFileReference; lastKnownFileType = sourcecode.swift; path = tipCalculatoreUITestsLaunchTests.swift; sourceTree = "<group>"; };
		04DC128E2B54DBB90077BB6D /* tipBanner.gif */ = {isa = PBXFileReference; lastKnownFileType = image.gif; path = tipBanner.gif; sourceTree = "<group>"; };
		04DC12922B54E4FE0077BB6D /* UIImageExtension.swift */ = {isa = PBXFileReference; lastKnownFileType = sourcecode.swift; path = UIImageExtension.swift; sourceTree = "<group>"; };
/* End PBXFileReference section */

/* Begin PBXFrameworksBuildPhase section */
		04DC12582B54D7450077BB6D /* Frameworks */ = {
			isa = PBXFrameworksBuildPhase;
			buildActionMask = 2147483647;
			files = (
				04DC12992B54F3890077BB6D /* IQKeyboardManagerSwift in Frameworks */,
			);
			runOnlyForDeploymentPostprocessing = 0;
		};
		04DC126E2B54D7470077BB6D /* Frameworks */ = {
			isa = PBXFrameworksBuildPhase;
			buildActionMask = 2147483647;
			files = (
			);
			runOnlyForDeploymentPostprocessing = 0;
		};
		04DC12782B54D7470077BB6D /* Frameworks */ = {
			isa = PBXFrameworksBuildPhase;
			buildActionMask = 2147483647;
			files = (
			);
			runOnlyForDeploymentPostprocessing = 0;
		};
/* End PBXFrameworksBuildPhase section */

/* Begin PBXGroup section */
		04DC12522B54D7450077BB6D = {
			isa = PBXGroup;
			children = (
				04DC125D2B54D7450077BB6D /* tipCalculatore */,
				04DC12742B54D7470077BB6D /* tipCalculatoreTests */,
				04DC127E2B54D7470077BB6D /* tipCalculatoreUITests */,
				04DC125C2B54D7450077BB6D /* Products */,
			);
			sourceTree = "<group>";
		};
		04DC125C2B54D7450077BB6D /* Products */ = {
			isa = PBXGroup;
			children = (
				04DC125B2B54D7450077BB6D /* tipCalculatore.app */,
				04DC12712B54D7470077BB6D /* tipCalculatoreTests.xctest */,
				04DC127B2B54D7470077BB6D /* tipCalculatoreUITests.xctest */,
			);
			name = Products;
			sourceTree = "<group>";
		};
		04DC125D2B54D7450077BB6D /* tipCalculatore */ = {
			isa = PBXGroup;
			children = (
				04DC125E2B54D7450077BB6D /* AppDelegate.swift */,
				04DC12602B54D7450077BB6D /* SceneDelegate.swift */,
				04DC12622B54D7450077BB6D /* ViewController.swift */,
				04DC12642B54D7450077BB6D /* Main.storyboard */,
				04DC12672B54D7470077BB6D /* Assets.xcassets */,
				04DC128E2B54DBB90077BB6D /* tipBanner.gif */,
				04DC12692B54D7470077BB6D /* LaunchScreen.storyboard */,
				04DC126C2B54D7470077BB6D /* Info.plist */,
				04DC12922B54E4FE0077BB6D /* UIImageExtension.swift */,
			);
			path = tipCalculatore;
			sourceTree = "<group>";
		};
		04DC12742B54D7470077BB6D /* tipCalculatoreTests */ = {
			isa = PBXGroup;
			children = (
				04DC12752B54D7470077BB6D /* tipCalculatoreTests.swift */,
			);
			path = tipCalculatoreTests;
			sourceTree = "<group>";
		};
		04DC127E2B54D7470077BB6D /* tipCalculatoreUITests */ = {
			isa = PBXGroup;
			children = (
				04DC127F2B54D7470077BB6D /* tipCalculatoreUITests.swift */,
				04DC12812B54D7470077BB6D /* tipCalculatoreUITestsLaunchTests.swift */,
			);
			path = tipCalculatoreUITests;
			sourceTree = "<group>";
		};
/* End PBXGroup section */

/* Begin PBXNativeTarget section */
		04DC125A2B54D7450077BB6D /* tipCalculatore */ = {
			isa = PBXNativeTarget;
			buildConfigurationList = 04DC12852B54D7470077BB6D /* Build configuration list for PBXNativeTarget "tipCalculatore" */;
			buildPhases = (
				04DC12572B54D7450077BB6D /* Sources */,
				04DC12582B54D7450077BB6D /* Frameworks */,
				04DC12592B54D7450077BB6D /* Resources */,
			);
			buildRules = (
			);
			dependencies = (
			);
			name = tipCalculatore;
			packageProductDependencies = (
				04DC12982B54F3890077BB6D /* IQKeyboardManagerSwift */,
			);
			productName = tipCalculatore;
			productReference = 04DC125B2B54D7450077BB6D /* tipCalculatore.app */;
			productType = "com.apple.product-type.application";
		};
		04DC12702B54D7470077BB6D /* tipCalculatoreTests */ = {
			isa = PBXNativeTarget;
			buildConfigurationList = 04DC12882B54D7470077BB6D /* Build configuration list for PBXNativeTarget "tipCalculatoreTests" */;
			buildPhases = (
				04DC126D2B54D7470077BB6D /* Sources */,
				04DC126E2B54D7470077BB6D /* Frameworks */,
				04DC126F2B54D7470077BB6D /* Resources */,
			);
			buildRules = (
			);
			dependencies = (
				04DC12732B54D7470077BB6D /* PBXTargetDependency */,
			);
			name = tipCalculatoreTests;
			productName = tipCalculatoreTests;
			productReference = 04DC12712B54D7470077BB6D /* tipCalculatoreTests.xctest */;
			productType = "com.apple.product-type.bundle.unit-test";
		};
		04DC127A2B54D7470077BB6D /* tipCalculatoreUITests */ = {
			isa = PBXNativeTarget;
			buildConfigurationList = 04DC128B2B54D7470077BB6D /* Build configuration list for PBXNativeTarget "tipCalculatoreUITests" */;
			buildPhases = (
				04DC12772B54D7470077BB6D /* Sources */,
				04DC12782B54D7470077BB6D /* Frameworks */,
				04DC12792B54D7470077BB6D /* Resources */,
			);
			buildRules = (
			);
			dependencies = (
				04DC127D2B54D7470077BB6D /* PBXTargetDependency */,
			);
			name = tipCalculatoreUITests;
			productName = tipCalculatoreUITests;
			productReference = 04DC127B2B54D7470077BB6D /* tipCalculatoreUITests.xctest */;
			productType = "com.apple.product-type.bundle.ui-testing";
		};
/* End PBXNativeTarget section */

/* Begin PBXProject section */
		04DC12532B54D7450077BB6D /* Project object */ = {
			isa = PBXProject;
			attributes = {
				BuildIndependentTargetsInParallel = 1;
				LastSwiftUpdateCheck = 1500;
				LastUpgradeCheck = 1500;
				TargetAttributes = {
					04DC125A2B54D7450077BB6D = {
						CreatedOnToolsVersion = 15.0.1;
					};
					04DC12702B54D7470077BB6D = {
						CreatedOnToolsVersion = 15.0.1;
						TestTargetID = 04DC125A2B54D7450077BB6D;
					};
					04DC127A2B54D7470077BB6D = {
						CreatedOnToolsVersion = 15.0.1;
						TestTargetID = 04DC125A2B54D7450077BB6D;
					};
				};
			};
			buildConfigurationList = 04DC12562B54D7450077BB6D /* Build configuration list for PBXProject "tipCalculatore" */;
			compatibilityVersion = "Xcode 14.0";
			developmentRegion = en;
			hasScannedForEncodings = 0;
			knownRegions = (
				en,
				Base,
			);
			mainGroup = 04DC12522B54D7450077BB6D;
			packageReferences = (
				04DC12972B54F3890077BB6D /* XCRemoteSwiftPackageReference "IQKeyboardManager" */,
			);
			productRefGroup = 04DC125C2B54D7450077BB6D /* Products */;
			projectDirPath = "";
			projectRoot = "";
			targets = (
				04DC125A2B54D7450077BB6D /* tipCalculatore */,
				04DC12702B54D7470077BB6D /* tipCalculatoreTests */,
				04DC127A2B54D7470077BB6D /* tipCalculatoreUITests */,
			);
		};
/* End PBXProject section */

/* Begin PBXResourcesBuildPhase section */
		04DC12592B54D7450077BB6D /* Resources */ = {
			isa = PBXResourcesBuildPhase;
			buildActionMask = 2147483647;
			files = (
				04DC126B2B54D7470077BB6D /* LaunchScreen.storyboard in Resources */,
				04DC12682B54D7470077BB6D /* Assets.xcassets in Resources */,
				04DC128F2B54DBB90077BB6D /* tipBanner.gif in Resources */,
				04DC12662B54D7450077BB6D /* Main.storyboard in Resources */,
			);
			runOnlyForDeploymentPostprocessing = 0;
		};
		04DC126F2B54D7470077BB6D /* Resources */ = {
			isa = PBXResourcesBuildPhase;
			buildActionMask = 2147483647;
			files = (
			);
			runOnlyForDeploymentPostprocessing = 0;
		};
		04DC12792B54D7470077BB6D /* Resources */ = {
			isa = PBXResourcesBuildPhase;
			buildActionMask = 2147483647;
			files = (
			);
			runOnlyForDeploymentPostprocessing = 0;
		};
/* End PBXResourcesBuildPhase section */

/* Begin PBXSourcesBuildPhase section */
		04DC12572B54D7450077BB6D /* Sources */ = {
			isa = PBXSourcesBuildPhase;
			buildActionMask = 2147483647;
			files = (
				04DC12632B54D7450077BB6D /* ViewController.swift in Sources */,
				04DC125F2B54D7450077BB6D /* AppDelegate.swift in Sources */,
				04DC12612B54D7450077BB6D /* SceneDelegate.swift in Sources */,
				04DC12932B54E4FE0077BB6D /* UIImageExtension.swift in Sources */,
			);
			runOnlyForDeploymentPostprocessing = 0;
		};
		04DC126D2B54D7470077BB6D /* Sources */ = {
			isa = PBXSourcesBuildPhase;
			buildActionMask = 2147483647;
			files = (
				04DC12762B54D7470077BB6D /* tipCalculatoreTests.swift in Sources */,
			);
			runOnlyForDeploymentPostprocessing = 0;
		};
		04DC12772B54D7470077BB6D /* Sources */ = {
			isa = PBXSourcesBuildPhase;
			buildActionMask = 2147483647;
			files = (
				04DC12822B54D7470077BB6D /* tipCalculatoreUITestsLaunchTests.swift in Sources */,
				04DC12802B54D7470077BB6D /* tipCalculatoreUITests.swift in Sources */,
			);
			runOnlyForDeploymentPostprocessing = 0;
		};
/* End PBXSourcesBuildPhase section */

/* Begin PBXTargetDependency section */
		04DC12732B54D7470077BB6D /* PBXTargetDependency */ = {
			isa = PBXTargetDependency;
			target = 04DC125A2B54D7450077BB6D /* tipCalculatore */;
			targetProxy = 04DC12722B54D7470077BB6D /* PBXContainerItemProxy */;
		};
		04DC127D2B54D7470077BB6D /* PBXTargetDependency */ = {
			isa = PBXTargetDependency;
			target = 04DC125A2B54D7450077BB6D /* tipCalculatore */;
			targetProxy = 04DC127C2B54D7470077BB6D /* PBXContainerItemProxy */;
		};
/* End PBXTargetDependency section */

/* Begin PBXVariantGroup section */
		04DC12642B54D7450077BB6D /* Main.storyboard */ = {
			isa = PBXVariantGroup;
			children = (
				04DC12652B54D7450077BB6D /* Base */,
			);
			name = Main.storyboard;
			sourceTree = "<group>";
		};
		04DC12692B54D7470077BB6D /* LaunchScreen.storyboard */ = {
			isa = PBXVariantGroup;
			children = (
				04DC126A2B54D7470077BB6D /* Base */,
			);
			name = LaunchScreen.storyboard;
			sourceTree = "<group>";
		};
/* End PBXVariantGroup section */

/* Begin XCBuildConfiguration section */
		04DC12832B54D7470077BB6D /* Debug */ = {
			isa = XCBuildConfiguration;
			buildSettings = {
				ALWAYS_SEARCH_USER_PATHS = NO;
				ASSETCATALOG_COMPILER_GENERATE_SWIFT_ASSET_SYMBOL_EXTENSIONS = YES;
				CLANG_ANALYZER_NONNULL = YES;
				CLANG_ANALYZER_NUMBER_OBJECT_CONVERSION = YES_AGGRESSIVE;
				CLANG_CXX_LANGUAGE_STANDARD = "gnu++20";
				CLANG_ENABLE_MODULES = YES;
				CLANG_ENABLE_OBJC_ARC = YES;
				CLANG_ENABLE_OBJC_WEAK = YES;
				CLANG_WARN_BLOCK_CAPTURE_AUTORELEASING = YES;
				CLANG_WARN_BOOL_CONVERSION = YES;
				CLANG_WARN_COMMA = YES;
				CLANG_WARN_CONSTANT_CONVERSION = YES;
				CLANG_WARN_DEPRECATED_OBJC_IMPLEMENTATIONS = YES;
				CLANG_WARN_DIRECT_OBJC_ISA_USAGE = YES_ERROR;
				CLANG_WARN_DOCUMENTATION_COMMENTS = YES;
				CLANG_WARN_EMPTY_BODY = YES;
				CLANG_WARN_ENUM_CONVERSION = YES;
				CLANG_WARN_INFINITE_RECURSION = YES;
				CLANG_WARN_INT_CONVERSION = YES;
				CLANG_WARN_NON_LITERAL_NULL_CONVERSION = YES;
				CLANG_WARN_OBJC_IMPLICIT_RETAIN_SELF = YES;
				CLANG_WARN_OBJC_LITERAL_CONVERSION = YES;
				CLANG_WARN_OBJC_ROOT_CLASS = YES_ERROR;
				CLANG_WARN_QUOTED_INCLUDE_IN_FRAMEWORK_HEADER = YES;
				CLANG_WARN_RANGE_LOOP_ANALYSIS = YES;
				CLANG_WARN_STRICT_PROTOTYPES = YES;
				CLANG_WARN_SUSPICIOUS_MOVE = YES;
				CLANG_WARN_UNGUARDED_AVAILABILITY = YES_AGGRESSIVE;
				CLANG_WARN_UNREACHABLE_CODE = YES;
				CLANG_WARN__DUPLICATE_METHOD_MATCH = YES;
				COPY_PHASE_STRIP = NO;
				DEBUG_INFORMATION_FORMAT = dwarf;
				ENABLE_STRICT_OBJC_MSGSEND = YES;
				ENABLE_TESTABILITY = YES;
				ENABLE_USER_SCRIPT_SANDBOXING = YES;
				GCC_C_LANGUAGE_STANDARD = gnu17;
				GCC_DYNAMIC_NO_PIC = NO;
				GCC_NO_COMMON_BLOCKS = YES;
				GCC_OPTIMIZATION_LEVEL = 0;
				GCC_PREPROCESSOR_DEFINITIONS = (
					"DEBUG=1",
					"$(inherited)",
				);
				GCC_WARN_64_TO_32_BIT_CONVERSION = YES;
				GCC_WARN_ABOUT_RETURN_TYPE = YES_ERROR;
				GCC_WARN_UNDECLARED_SELECTOR = YES;
				GCC_WARN_UNINITIALIZED_AUTOS = YES_AGGRESSIVE;
				GCC_WARN_UNUSED_FUNCTION = YES;
				GCC_WARN_UNUSED_VARIABLE = YES;
				IPHONEOS_DEPLOYMENT_TARGET = 17.0;
				LOCALIZATION_PREFERS_STRING_CATALOGS = YES;
				MTL_ENABLE_DEBUG_INFO = INCLUDE_SOURCE;
				MTL_FAST_MATH = YES;
				ONLY_ACTIVE_ARCH = YES;
				SDKROOT = iphoneos;
				SWIFT_ACTIVE_COMPILATION_CONDITIONS = "DEBUG $(inherited)";
				SWIFT_OPTIMIZATION_LEVEL = "-Onone";
			};
			name = Debug;
		};
		04DC12842B54D7470077BB6D /* Release */ = {
			isa = XCBuildConfiguration;
			buildSettings = {
				ALWAYS_SEARCH_USER_PATHS = NO;
				ASSETCATALOG_COMPILER_GENERATE_SWIFT_ASSET_SYMBOL_EXTENSIONS = YES;
				CLANG_ANALYZER_NONNULL = YES;
				CLANG_ANALYZER_NUMBER_OBJECT_CONVERSION = YES_AGGRESSIVE;
				CLANG_CXX_LANGUAGE_STANDARD = "gnu++20";
				CLANG_ENABLE_MODULES = YES;
				CLANG_ENABLE_OBJC_ARC = YES;
				CLANG_ENABLE_OBJC_WEAK = YES;
				CLANG_WARN_BLOCK_CAPTURE_AUTORELEASING = YES;
				CLANG_WARN_BOOL_CONVERSION = YES;
				CLANG_WARN_COMMA = YES;
				CLANG_WARN_CONSTANT_CONVERSION = YES;
				CLANG_WARN_DEPRECATED_OBJC_IMPLEMENTATIONS = YES;
				CLANG_WARN_DIRECT_OBJC_ISA_USAGE = YES_ERROR;
				CLANG_WARN_DOCUMENTATION_COMMENTS = YES;
				CLANG_WARN_EMPTY_BODY = YES;
				CLANG_WARN_ENUM_CONVERSION = YES;
				CLANG_WARN_INFINITE_RECURSION = YES;
				CLANG_WARN_INT_CONVERSION = YES;
				CLANG_WARN_NON_LITERAL_NULL_CONVERSION = YES;
				CLANG_WARN_OBJC_IMPLICIT_RETAIN_SELF = YES;
				CLANG_WARN_OBJC_LITERAL_CONVERSION = YES;
				CLANG_WARN_OBJC_ROOT_CLASS = YES_ERROR;
				CLANG_WARN_QUOTED_INCLUDE_IN_FRAMEWORK_HEADER = YES;
				CLANG_WARN_RANGE_LOOP_ANALYSIS = YES;
				CLANG_WARN_STRICT_PROTOTYPES = YES;
				CLANG_WARN_SUSPICIOUS_MOVE = YES;
				CLANG_WARN_UNGUARDED_AVAILABILITY = YES_AGGRESSIVE;
				CLANG_WARN_UNREACHABLE_CODE = YES;
				CLANG_WARN__DUPLICATE_METHOD_MATCH = YES;
				COPY_PHASE_STRIP = NO;
				DEBUG_INFORMATION_FORMAT = "dwarf-with-dsym";
				ENABLE_NS_ASSERTIONS = NO;
				ENABLE_STRICT_OBJC_MSGSEND = YES;
				ENABLE_USER_SCRIPT_SANDBOXING = YES;
				GCC_C_LANGUAGE_STANDARD = gnu17;
				GCC_NO_COMMON_BLOCKS = YES;
				GCC_WARN_64_TO_32_BIT_CONVERSION = YES;
				GCC_WARN_ABOUT_RETURN_TYPE = YES_ERROR;
				GCC_WARN_UNDECLARED_SELECTOR = YES;
				GCC_WARN_UNINITIALIZED_AUTOS = YES_AGGRESSIVE;
				GCC_WARN_UNUSED_FUNCTION = YES;
				GCC_WARN_UNUSED_VARIABLE = YES;
				IPHONEOS_DEPLOYMENT_TARGET = 17.0;
				LOCALIZATION_PREFERS_STRING_CATALOGS = YES;
				MTL_ENABLE_DEBUG_INFO = NO;
				MTL_FAST_MATH = YES;
				SDKROOT = iphoneos;
				SWIFT_COMPILATION_MODE = wholemodule;
				VALIDATE_PRODUCT = YES;
			};
			name = Release;
		};
		04DC12862B54D7470077BB6D /* Debug */ = {
			isa = XCBuildConfiguration;
			buildSettings = {
				ASSETCATALOG_COMPILER_APPICON_NAME = AppIcon;
				ASSETCATALOG_COMPILER_GLOBAL_ACCENT_COLOR_NAME = AccentColor;
				CODE_SIGN_STYLE = Automatic;
				CURRENT_PROJECT_VERSION = 1;
				DEVELOPMENT_TEAM = 45G97QS8TD;
				GENERATE_INFOPLIST_FILE = YES;
				INFOPLIST_FILE = tipCalculatore/Info.plist;
				INFOPLIST_KEY_UIApplicationSupportsIndirectInputEvents = YES;
				INFOPLIST_KEY_UILaunchStoryboardName = LaunchScreen;
				INFOPLIST_KEY_UIMainStoryboardFile = Main;
				INFOPLIST_KEY_UISupportedInterfaceOrientations_iPad = "UIInterfaceOrientationPortrait UIInterfaceOrientationPortraitUpsideDown UIInterfaceOrientationLandscapeLeft UIInterfaceOrientationLandscapeRight";
				INFOPLIST_KEY_UISupportedInterfaceOrientations_iPhone = "UIInterfaceOrientationPortrait UIInterfaceOrientationLandscapeLeft UIInterfaceOrientationLandscapeRight";
				LD_RUNPATH_SEARCH_PATHS = (
					"$(inherited)",
					"@executable_path/Frameworks",
				);
				MARKETING_VERSION = 1.0;
				PRODUCT_BUNDLE_IDENTIFIER = atuldhiman.tipCalculatore;
				PRODUCT_NAME = "$(TARGET_NAME)";
				SWIFT_EMIT_LOC_STRINGS = YES;
				SWIFT_VERSION = 5.0;
				TARGETED_DEVICE_FAMILY = "1,2";
			};
			name = Debug;
		};
		04DC12872B54D7470077BB6D /* Release */ = {
			isa = XCBuildConfiguration;
			buildSettings = {
				ASSETCATALOG_COMPILER_APPICON_NAME = AppIcon;
				ASSETCATALOG_COMPILER_GLOBAL_ACCENT_COLOR_NAME = AccentColor;
				CODE_SIGN_STYLE = Automatic;
				CURRENT_PROJECT_VERSION = 1;
				DEVELOPMENT_TEAM = 45G97QS8TD;
				GENERATE_INFOPLIST_FILE = YES;
				INFOPLIST_FILE = tipCalculatore/Info.plist;
				INFOPLIST_KEY_UIApplicationSupportsIndirectInputEvents = YES;
				INFOPLIST_KEY_UILaunchStoryboardName = LaunchScreen;
				INFOPLIST_KEY_UIMainStoryboardFile = Main;
				INFOPLIST_KEY_UISupportedInterfaceOrientations_iPad = "UIInterfaceOrientationPortrait UIInterfaceOrientationPortraitUpsideDown UIInterfaceOrientationLandscapeLeft UIInterfaceOrientationLandscapeRight";
				INFOPLIST_KEY_UISupportedInterfaceOrientations_iPhone = "UIInterfaceOrientationPortrait UIInterfaceOrientationLandscapeLeft UIInterfaceOrientationLandscapeRight";
				LD_RUNPATH_SEARCH_PATHS = (
					"$(inherited)",
					"@executable_path/Frameworks",
				);
				MARKETING_VERSION = 1.0;
				PRODUCT_BUNDLE_IDENTIFIER = atuldhiman.tipCalculatore;
				PRODUCT_NAME = "$(TARGET_NAME)";
				SWIFT_EMIT_LOC_STRINGS = YES;
				SWIFT_VERSION = 5.0;
				TARGETED_DEVICE_FAMILY = "1,2";
			};
			name = Release;
		};
		04DC12892B54D7470077BB6D /* Debug */ = {
			isa = XCBuildConfiguration;
			buildSettings = {
				ALWAYS_EMBED_SWIFT_STANDARD_LIBRARIES = YES;
				BUNDLE_LOADER = "$(TEST_HOST)";
				CODE_SIGN_STYLE = Automatic;
				CURRENT_PROJECT_VERSION = 1;
				DEVELOPMENT_TEAM = 45G97QS8TD;
				GENERATE_INFOPLIST_FILE = YES;
				IPHONEOS_DEPLOYMENT_TARGET = 17.0;
				MARKETING_VERSION = 1.0;
				PRODUCT_BUNDLE_IDENTIFIER = atuldhiman.tipCalculatoreTests;
				PRODUCT_NAME = "$(TARGET_NAME)";
				SWIFT_EMIT_LOC_STRINGS = NO;
				SWIFT_VERSION = 5.0;
				TARGETED_DEVICE_FAMILY = "1,2";
				TEST_HOST = "$(BUILT_PRODUCTS_DIR)/tipCalculatore.app/$(BUNDLE_EXECUTABLE_FOLDER_PATH)/tipCalculatore";
			};
			name = Debug;
		};
		04DC128A2B54D7470077BB6D /* Release */ = {
			isa = XCBuildConfiguration;
			buildSettings = {
				ALWAYS_EMBED_SWIFT_STANDARD_LIBRARIES = YES;
				BUNDLE_LOADER = "$(TEST_HOST)";
				CODE_SIGN_STYLE = Automatic;
				CURRENT_PROJECT_VERSION = 1;
				DEVELOPMENT_TEAM = 45G97QS8TD;
				GENERATE_INFOPLIST_FILE = YES;
				IPHONEOS_DEPLOYMENT_TARGET = 17.0;
				MARKETING_VERSION = 1.0;
				PRODUCT_BUNDLE_IDENTIFIER = atuldhiman.tipCalculatoreTests;
				PRODUCT_NAME = "$(TARGET_NAME)";
				SWIFT_EMIT_LOC_STRINGS = NO;
				SWIFT_VERSION = 5.0;
				TARGETED_DEVICE_FAMILY = "1,2";
				TEST_HOST = "$(BUILT_PRODUCTS_DIR)/tipCalculatore.app/$(BUNDLE_EXECUTABLE_FOLDER_PATH)/tipCalculatore";
			};
			name = Release;
		};
		04DC128C2B54D7470077BB6D /* Debug */ = {
			isa = XCBuildConfiguration;
			buildSettings = {
				ALWAYS_EMBED_SWIFT_STANDARD_LIBRARIES = YES;
				CODE_SIGN_STYLE = Automatic;
				CURRENT_PROJECT_VERSION = 1;
				DEVELOPMENT_TEAM = 45G97QS8TD;
				GENERATE_INFOPLIST_FILE = YES;
				MARKETING_VERSION = 1.0;
				PRODUCT_BUNDLE_IDENTIFIER = atuldhiman.tipCalculatoreUITests;
				PRODUCT_NAME = "$(TARGET_NAME)";
				SWIFT_EMIT_LOC_STRINGS = NO;
				SWIFT_VERSION = 5.0;
				TARGETED_DEVICE_FAMILY = "1,2";
				TEST_TARGET_NAME = tipCalculatore;
			};
			name = Debug;
		};
		04DC128D2B54D7470077BB6D /* Release */ = {
			isa = XCBuildConfiguration;
			buildSettings = {
				ALWAYS_EMBED_SWIFT_STANDARD_LIBRARIES = YES;
				CODE_SIGN_STYLE = Automatic;
				CURRENT_PROJECT_VERSION = 1;
				DEVELOPMENT_TEAM = 45G97QS8TD;
				GENERATE_INFOPLIST_FILE = YES;
				MARKETING_VERSION = 1.0;
				PRODUCT_BUNDLE_IDENTIFIER = atuldhiman.tipCalculatoreUITests;
				PRODUCT_NAME = "$(TARGET_NAME)";
				SWIFT_EMIT_LOC_STRINGS = NO;
				SWIFT_VERSION = 5.0;
				TARGETED_DEVICE_FAMILY = "1,2";
				TEST_TARGET_NAME = tipCalculatore;
			};
			name = Release;
		};
/* End XCBuildConfiguration section */

/* Begin XCConfigurationList section */
		04DC12562B54D7450077BB6D /* Build configuration list for PBXProject "tipCalculatore" */ = {
			isa = XCConfigurationList;
			buildConfigurations = (
				04DC12832B54D7470077BB6D /* Debug */,
				04DC12842B54D7470077BB6D /* Release */,
			);
			defaultConfigurationIsVisible = 0;
			defaultConfigurationName = Release;
		};
		04DC12852B54D7470077BB6D /* Build configuration list for PBXNativeTarget "tipCalculatore" */ = {
			isa = XCConfigurationList;
			buildConfigurations = (
				04DC12862B54D7470077BB6D /* Debug */,
				04DC12872B54D7470077BB6D /* Release */,
			);
			defaultConfigurationIsVisible = 0;
			defaultConfigurationName = Release;
		};
		04DC12882B54D7470077BB6D /* Build configuration list for PBXNativeTarget "tipCalculatoreTests" */ = {
			isa = XCConfigurationList;
			buildConfigurations = (
				04DC12892B54D7470077BB6D /* Debug */,
				04DC128A2B54D7470077BB6D /* Release */,
			);
			defaultConfigurationIsVisible = 0;
			defaultConfigurationName = Release;
		};
		04DC128B2B54D7470077BB6D /* Build configuration list for PBXNativeTarget "tipCalculatoreUITests" */ = {
			isa = XCConfigurationList;
			buildConfigurations = (
				04DC128C2B54D7470077BB6D /* Debug */,
				04DC128D2B54D7470077BB6D /* Release */,
			);
			defaultConfigurationIsVisible = 0;
			defaultConfigurationName = Release;
		};
/* End XCConfigurationList section */

/* Begin XCRemoteSwiftPackageReference section */
		04DC12972B54F3890077BB6D /* XCRemoteSwiftPackageReference "IQKeyboardManager" */ = {
			isa = XCRemoteSwiftPackageReference;
			repositoryURL = "https://github.com/hackiftekhar/IQKeyboardManager";
			requirement = {
				kind = upToNextMajorVersion;
				minimumVersion = 7.0.0;
			};
		};
/* End XCRemoteSwiftPackageReference section */

/* Begin XCSwiftPackageProductDependency section */
		04DC12982B54F3890077BB6D /* IQKeyboardManagerSwift */ = {
			isa = XCSwiftPackageProductDependency;
			package = 04DC12972B54F3890077BB6D /* XCRemoteSwiftPackageReference "IQKeyboardManager" */;
			productName = IQKeyboardManagerSwift;
		};
/* End XCSwiftPackageProductDependency section */
	};
	rootObject = 04DC12532B54D7450077BB6D /* Project object */;
}
